
Microsoft Visual Studio Solution File, Format Version 12.00
# Visual Studio Version 17
VisualStudioVersion = 17.13.35818.85 d17.13
MinimumVisualStudioVersion = 10.0.40219.1
Project("{FAE04EC0-301F-11D3-BF4B-00C04F79EFBC}") = "EventBookSyst", "EventBookSyst\EventBookSyst.csproj", "{FA66E2CF-CF17-4C0C-8CFF-555B13DA755A}"
EndProject
Global
	GlobalSection(SolutionConfigurationPlatforms) = preSolution
		Debug|Any CPU = Debug|Any CPU
		Release|Any CPU = Release|Any CPU
	EndGlobalSection
	GlobalSection(ProjectConfigurationPlatforms) = postSolution
		{FA66E2CF-CF17-4C0C-8CFF-555B13DA755A}.Debug|Any CPU.ActiveCfg = Debug|Any CPU
		{FA66E2CF-CF17-4C0C-8CFF-555B13DA755A}.Debug|Any CPU.Build.0 = Debug|Any CPU
		{FA66E2CF-CF17-4C0C-8CFF-555B13DA755A}.Release|Any CPU.ActiveCfg = Release|Any CPU
		{FA66E2CF-CF17-4C0C-8CFF-555B13DA755A}.Release|Any CPU.Build.0 = Release|Any CPU
	EndGlobalSection
	GlobalSection(SolutionProperties) = preSolution
		HideSolutionNode = FALSE
	EndGlobalSection
	GlobalSection(ExtensibilityGlobals) = postSolution
		SolutionGuid = {041432C4-D74E-4FC5-9E91-BBEDDB3108E2}
	EndGlobalSection
EndGlobal
